
Microsoft Visual Studio Solution File, Format Version 12.00
# Visual Studio 15
VisualStudioVersion = 15.0.27130.2024
MinimumVisualStudioVersion = 10.0.40219.1
Project("{9A19103F-16F7-4668-BE54-9A1E7A4F7556}") = "WebApplication1", "WebApplication1\WebApplication1.csproj", "{7DAA4E12-B818-44CD-B0D0-7BF7B1B66C71}"
EndProject
Global
	GlobalSection(SolutionConfigurationPlatforms) = preSolution
		Debug|Any CPU = Debug|Any CPU
		DEMO|Any CPU = DEMO|Any CPU
		Release|Any CPU = Release|Any CPU
	EndGlobalSection
	GlobalSection(ProjectConfigurationPlatforms) = postSolution
		{7DAA4E12-B818-44CD-B0D0-7BF7B1B66C71}.Debug|Any CPU.ActiveCfg = Debug|Any CPU
		{7DAA4E12-B818-44CD-B0D0-7BF7B1B66C71}.Debug|Any CPU.Build.0 = Debug|Any CPU
		{7DAA4E12-B818-44CD-B0D0-7BF7B1B66C71}.DEMO|Any CPU.ActiveCfg = DEMO|Any CPU
		{7DAA4E12-B818-44CD-B0D0-7BF7B1B66C71}.DEMO|Any CPU.Build.0 = DEMO|Any CPU
		{7DAA4E12-B818-44CD-B0D0-7BF7B1B66C71}.Release|Any CPU.ActiveCfg = Release|Any CPU
		{7DAA4E12-B818-44CD-B0D0-7BF7B1B66C71}.Release|Any CPU.Build.0 = Release|Any CPU
	EndGlobalSection
	GlobalSection(SolutionProperties) = preSolution
		HideSolutionNode = FALSE
	EndGlobalSection
	GlobalSection(ExtensibilityGlobals) = postSolution
		SolutionGuid = {2B0B2340-9F72-4C3B-91AA-D743FBB844DC}
	EndGlobalSection
EndGlobal
